DEPENDENCIES
  direnv
    git: https://github.com/devopsbox/direnv-cookbook
    revision: 638e932ba8c441bec8599222ca848f3c07aea75c
  emacs
  git (~> 4.2.2)
  homeshick
    git: https://github.com/chefhippie/homeshick
    revision: 5b5c88b8e387bb758fa8036f07f262d512abd9ee
  peco
    git: https://kurusugawa.jp/stash/scm/chef/peco.git
    revision: bcc34c82757271528377b41a02bd8ae9e1d7f9f3
  rbenv (~> 1.7.1)
  vim (~> 1.1.2)
  zsh (~> 1.0.1)

GRAPH
  apt (2.7.0)
  build-essential (2.2.3)
  chef_handler (1.2.0)
  direnv (0.1.0)
  dmg (2.2.2)
  emacs (0.10.0)
  git (4.2.2)
    build-essential (>= 0.0.0)
    dmg (>= 0.0.0)
    windows (>= 0.0.0)
    yum-epel (>= 0.0.0)
  homeshick (0.0.1)
    git (>= 0.0.0)
  ohai (2.0.1)
  peco (0.1.2)
  rbenv (1.7.1)
    apt (>= 0.0.0)
    build-essential (>= 0.0.0)
    git (>= 0.0.0)
    ohai (>= 1.1)
  vim (1.1.2)
  windows (1.37.0)
    chef_handler (>= 0.0.0)
  yum (3.6.1)
  yum-epel (0.6.2)
    yum (~> 3.2)
  zsh (1.0.1)
